{
  "version": 4,
  "terraform_version": "1.5.7",
  "serial": 724,
  "lineage": "11846908-da15-3245-7118-f83bfd2aa62b",
  "outputs": {
    "ami_id": {
      "value": "ami-0903f29ab17969478",
      "type": "string"
    },
    "lb_dns_name": {
      "value": "boards-lb-1299477928.us-east-1.elb.amazonaws.com",
      "type": "string"
    }
  },
  "resources": [
    {
      "mode": "data",
      "type": "aws_availability_zones",
      "name": "available",
      "provider": "provider[\"registry.terraform.io/hashicorp/aws\"]",
      "instances": [
        {
          "schema_version": 0,
          "attributes": {
            "all_availability_zones": null,
            "exclude_names": null,
            "exclude_zone_ids": null,
            "filter": null,
            "group_names": [
              "us-east-1"
            ],
            "id": "us-east-1",
            "names": [
              "us-east-1a",
              "us-east-1b",
              "us-east-1c",
              "us-east-1d",
              "us-east-1e",
              "us-east-1f"
            ],
            "state": "available",
            "timeouts": null,
            "zone_ids": [
              "use1-az4",
              "use1-az6",
              "use1-az1",
              "use1-az2",
              "use1-az3",
              "use1-az5"
            ]
          },
          "sensitive_attributes": []
        }
      ]
    },
    {
      "mode": "managed",
      "type": "aws_autoscaling_group",
      "name": "asg",
      "provider": "provider[\"registry.terraform.io/hashicorp/aws\"]",
      "instances": [
        {
          "schema_version": 0,
          "attributes": {
            "arn": "arn:aws:autoscaling:us-east-1:686811303427:autoScalingGroup:8957720d-d60b-4b17-8150-00fffac9d2f3:autoScalingGroupName/terraform-20240927044440642400000003",
            "availability_zones": [
              "us-east-1a",
              "us-east-1b",
              "us-east-1c"
            ],
            "capacity_rebalance": false,
            "context": "",
            "default_cooldown": 60,
            "default_instance_warmup": 0,
            "desired_capacity": 1,
            "desired_capacity_type": "",
            "enabled_metrics": null,
            "force_delete": true,
            "force_delete_warm_pool": false,
            "health_check_grace_period": 300,
            "health_check_type": "EC2",
            "id": "terraform-20240927044440642400000003",
            "initial_lifecycle_hook": [],
            "instance_refresh": [],
            "launch_configuration": "",
            "launch_template": [
              {
                "id": "lt-0bbc88382aceda723",
                "name": "boards-launch-template",
                "version": "$Latest"
              }
            ],
            "load_balancers": null,
            "max_instance_lifetime": 0,
            "max_size": 5,
            "metrics_granularity": "1Minute",
            "min_elb_capacity": null,
            "min_size": 1,
            "mixed_instances_policy": [],
            "name": "terraform-20240927044440642400000003",
            "name_prefix": "terraform-",
            "placement_group": "",
            "predicted_capacity": 0,
            "protect_from_scale_in": false,
            "service_linked_role_arn": "arn:aws:iam::686811303427:role/aws-service-role/autoscaling.amazonaws.com/AWSServiceRoleForAutoScaling",
            "suspended_processes": null,
            "tag": [
              {
                "key": "boards-asg",
                "propagate_at_launch": true,
                "value": "job-boards-asg"
              }
            ],
            "tags": null,
            "target_group_arns": [
              "arn:aws:elasticloadbalancing:us-east-1:686811303427:targetgroup/boards-tg/7f3b485c27b9ac99"
            ],
            "termination_policies": null,
            "timeouts": null,
            "vpc_zone_identifier": [
              "subnet-000ed6081d1f97792",
              "subnet-028408c3473917aaf",
              "subnet-0d53582132740d6d4"
            ],
            "wait_for_capacity_timeout": "10m",
            "wait_for_elb_capacity": null,
            "warm_pool": [],
            "warm_pool_size": 0
          },
          "sensitive_attributes": [],
          "private": "eyJlMmJmYjczMC1lY2FhLTExZTYtOGY4OC0zNDM2M2JjN2M0YzAiOnsiZGVsZXRlIjo2MDAwMDAwMDAwMDAsInVwZGF0ZSI6NjAwMDAwMDAwMDAwfX0=",
          "dependencies": [
            "aws_iam_instance_profile.aws_ec2_instance_profile",
            "aws_iam_role.aws_ec2_role",
            "aws_launch_template.ec2_launch_template",
            "aws_lb_target_group.target_group",
            "aws_security_group.instance_sg",
            "aws_security_group.load_balancer_sg",
            "aws_subnet.public_subnet",
            "aws_vpc.vpc_tf",
            "data.aws_availability_zones.available"
          ]
        }
      ]
    },
    {
      "mode": "managed",
      "type": "aws_autoscaling_policy",
      "name": "scale_down_policy",
      "provider": "provider[\"registry.terraform.io/hashicorp/aws\"]",
      "instances": [
        {
          "schema_version": 0,
          "attributes": {
            "adjustment_type": "ChangeInCapacity",
            "arn": "arn:aws:autoscaling:us-east-1:686811303427:scalingPolicy:5923921f-0561-4212-9639-6048166c212c:autoScalingGroupName/terraform-20240927044440642400000003:policyName/scale-down",
            "autoscaling_group_name": "terraform-20240927044440642400000003",
            "cooldown": 60,
            "enabled": true,
            "estimated_instance_warmup": 0,
            "id": "scale-down",
            "metric_aggregation_type": "",
            "min_adjustment_magnitude": 0,
            "name": "scale-down",
            "policy_type": "SimpleScaling",
            "predictive_scaling_configuration": [],
            "scaling_adjustment": -1,
            "step_adjustment": [],
            "target_tracking_configuration": []
          },
          "sensitive_attributes": [],
          "private": "bnVsbA==",
          "dependencies": [
            "aws_autoscaling_group.asg",
            "aws_iam_instance_profile.aws_ec2_instance_profile",
            "aws_iam_role.aws_ec2_role",
            "aws_launch_template.ec2_launch_template",
            "aws_lb_target_group.target_group",
            "aws_security_group.instance_sg",
            "aws_security_group.load_balancer_sg",
            "aws_subnet.public_subnet",
            "aws_vpc.vpc_tf",
            "data.aws_availability_zones.available"
          ]
        }
      ]
    },
    {
      "mode": "managed",
      "type": "aws_autoscaling_policy",
      "name": "scale_up_policy",
      "provider": "provider[\"registry.terraform.io/hashicorp/aws\"]",
      "instances": [
        {
          "schema_version": 0,
          "attributes": {
            "adjustment_type": "ChangeInCapacity",
            "arn": "arn:aws:autoscaling:us-east-1:686811303427:scalingPolicy:568dc0dd-57f5-436b-a25f-71b0aecbb842:autoScalingGroupName/terraform-20240927044440642400000003:policyName/scale-up",
            "autoscaling_group_name": "terraform-20240927044440642400000003",
            "cooldown": 60,
            "enabled": true,
            "estimated_instance_warmup": 0,
            "id": "scale-up",
            "metric_aggregation_type": "",
            "min_adjustment_magnitude": 0,
            "name": "scale-up",
            "policy_type": "SimpleScaling",
            "predictive_scaling_configuration": [],
            "scaling_adjustment": 1,
            "step_adjustment": [],
            "target_tracking_configuration": []
          },
          "sensitive_attributes": [],
          "private": "bnVsbA==",
          "dependencies": [
            "aws_autoscaling_group.asg",
            "aws_iam_instance_profile.aws_ec2_instance_profile",
            "aws_iam_role.aws_ec2_role",
            "aws_launch_template.ec2_launch_template",
            "aws_lb_target_group.target_group",
            "aws_security_group.instance_sg",
            "aws_security_group.load_balancer_sg",
            "aws_subnet.public_subnet",
            "aws_vpc.vpc_tf",
            "data.aws_availability_zones.available"
          ]
        }
      ]
    },
    {
      "mode": "managed",
      "type": "aws_iam_instance_profile",
      "name": "aws_ec2_instance_profile",
      "provider": "provider[\"registry.terraform.io/hashicorp/aws\"]",
      "instances": [
        {
          "schema_version": 0,
          "attributes": {
            "arn": "arn:aws:iam::686811303427:instance-profile/ec2_instance_profile_boards",
            "create_date": "2024-09-27T04:44:17Z",
            "id": "ec2_instance_profile_boards",
            "name": "ec2_instance_profile_boards",
            "name_prefix": "",
            "path": "/",
            "role": "ec2_role_boards",
            "tags": null,
            "tags_all": {},
            "unique_id": "AIPAZ72JEZYBVHA5N54VY"
          },
          "sensitive_attributes": [],
          "private": "bnVsbA==",
          "dependencies": [
            "aws_iam_role.aws_ec2_role"
          ]
        }
      ]
    },
    {
      "mode": "managed",
      "type": "aws_iam_role",
      "name": "aws_ec2_role",
      "provider": "provider[\"registry.terraform.io/hashicorp/aws\"]",
      "instances": [
        {
          "schema_version": 0,
          "attributes": {
            "arn": "arn:aws:iam::686811303427:role/ec2_role_boards",
            "assume_role_policy": "{\"Statement\":[{\"Action\":\"sts:AssumeRole\",\"Effect\":\"Allow\",\"Principal\":{\"Service\":\"ec2.amazonaws.com\"},\"Sid\":\"RoleForEC2\"}],\"Version\":\"2012-10-17\"}",
            "create_date": "2024-09-27T04:44:16Z",
            "description": "",
            "force_detach_policies": false,
            "id": "ec2_role_boards",
            "inline_policy": [],
            "managed_policy_arns": [],
            "max_session_duration": 3600,
            "name": "ec2_role_boards",
            "name_prefix": "",
            "path": "/",
            "permissions_boundary": null,
            "role_last_used": [
              {
                "last_used_date": "",
                "region": ""
              }
            ],
            "tags": null,
            "tags_all": {},
            "unique_id": "AROAZ72JEZYBZHAVTDPNM"
          },
          "sensitive_attributes": [],
          "private": "bnVsbA=="
        }
      ]
    },
    {
      "mode": "managed",
      "type": "aws_internet_gateway",
      "name": "igw",
      "provider": "provider[\"registry.terraform.io/hashicorp/aws\"]",
      "instances": [
        {
          "schema_version": 0,
          "attributes": {
            "arn": "arn:aws:ec2:us-east-1:686811303427:internet-gateway/igw-0c097fd9d66f085c7",
            "id": "igw-0c097fd9d66f085c7",
            "owner_id": "686811303427",
            "tags": {
              "Name": "dev-igw"
            },
            "tags_all": {
              "Name": "dev-igw"
            },
            "timeouts": null,
            "vpc_id": "vpc-027053a629995cae0"
          },
          "sensitive_attributes": [],
          "private": "eyJlMmJmYjczMC1lY2FhLTExZTYtOGY4OC0zNDM2M2JjN2M0YzAiOnsiY3JlYXRlIjoxMjAwMDAwMDAwMDAwLCJkZWxldGUiOjEyMDAwMDAwMDAwMDAsInVwZGF0ZSI6MTIwMDAwMDAwMDAwMH19",
          "dependencies": [
            "aws_vpc.vpc_tf"
          ]
        }
      ]
    },
    {
      "mode": "managed",
      "type": "aws_launch_template",
      "name": "ec2_launch_template",
      "provider": "provider[\"registry.terraform.io/hashicorp/aws\"]",
      "instances": [
        {
          "schema_version": 0,
          "attributes": {
            "arn": "arn:aws:ec2:us-east-1:686811303427:launch-template/lt-0bbc88382aceda723",
            "block_device_mappings": [
              {
                "device_name": "/dev/xvdg",
                "ebs": [
                  {
                    "delete_on_termination": "false",
                    "encrypted": "",
                    "iops": 0,
                    "kms_key_id": "",
                    "snapshot_id": "",
                    "throughput": 0,
                    "volume_size": 100,
                    "volume_type": "gp2"
                  }
                ],
                "no_device": "",
                "virtual_name": ""
              }
            ],
            "capacity_reservation_specification": [],
            "cpu_options": [],
            "credit_specification": [],
            "default_version": 1,
            "description": "",
            "disable_api_stop": false,
            "disable_api_termination": true,
            "ebs_optimized": "",
            "elastic_gpu_specifications": [],
            "elastic_inference_accelerator": [],
            "enclave_options": [],
            "hibernation_options": [],
            "iam_instance_profile": [
              {
                "arn": "",
                "name": "ec2_instance_profile_boards"
              }
            ],
            "id": "lt-0bbc88382aceda723",
            "image_id": "ami-0903f29ab17969478",
            "instance_initiated_shutdown_behavior": "",
            "instance_market_options": [],
            "instance_requirements": [],
            "instance_type": "t2.large",
            "kernel_id": "",
            "key_name": "amiKeypair",
            "latest_version": 1,
            "license_specification": [],
            "maintenance_options": [],
            "metadata_options": [],
            "monitoring": [
              {
                "enabled": true
              }
            ],
            "name": "boards-launch-template",
            "name_prefix": "",
            "network_interfaces": [
              {
                "associate_carrier_ip_address": "",
                "associate_public_ip_address": "true",
                "delete_on_termination": "",
                "description": "",
                "device_index": 0,
                "interface_type": "",
                "ipv4_address_count": 0,
                "ipv4_addresses": null,
                "ipv4_prefix_count": 0,
                "ipv4_prefixes": null,
                "ipv6_address_count": 0,
                "ipv6_addresses": null,
                "ipv6_prefix_count": 0,
                "ipv6_prefixes": null,
                "network_card_index": 0,
                "network_interface_id": "",
                "private_ip_address": "",
                "security_groups": [
                  "sg-07d373efcba983108"
                ],
                "subnet_id": "subnet-000ed6081d1f97792"
              }
            ],
            "placement": [],
            "private_dns_name_options": [],
            "ram_disk_id": "",
            "security_group_names": null,
            "tag_specifications": [
              {
                "resource_type": "instance",
                "tags": {
                  "Name": "boards-launch-template"
                }
              }
            ],
            "tags": null,
            "tags_all": {},
            "update_default_version": null,
            "user_data": "IyEvYmluL2Jhc2gKY2QgL29wdC9ib2FyZHVzZXIvam9iLWJvYXJkcwp0b3VjaCAuZW52CmVjaG8gImxhdW5jaGluZz10cnVlIiA+PiAuZW52CmVjaG8gIk5PREVfRU5WPWRldmVsb3BtZW50IiA+PiAuZW52CgoKc3VkbyAvb3B0L2F3cy9hbWF6b24tY2xvdWR3YXRjaC1hZ2VudC9iaW4vYW1hem9uLWNsb3Vkd2F0Y2gtYWdlbnQtY3RsIFwKICAgICAgICAgICAgICAgICAgICAgIC1hIGZldGNoLWNvbmZpZyBcCiAgICAgICAgICAgICAgICAgICAgICAtbSBlYzIgXAogICAgICAgICAgICAgICAgICAgICAgLWMgZmlsZTovb3B0L2JvYXJkdXNlci9qb2ItYm9hcmRzL2FwcC9taWRkbGV3YXJlL2Nsb3Vkd2F0Y2gtY29uZmlnLmpzb24gXAogICAgICAgICAgICAgICAgICAgICAgLXMKICAK",
            "vpc_security_group_ids": null
          },
          "sensitive_attributes": [],
          "private": "bnVsbA==",
          "dependencies": [
            "aws_iam_instance_profile.aws_ec2_instance_profile",
            "aws_iam_role.aws_ec2_role",
            "aws_security_group.instance_sg",
            "aws_security_group.load_balancer_sg",
            "aws_subnet.public_subnet",
            "aws_vpc.vpc_tf",
            "data.aws_availability_zones.available"
          ]
        }
      ]
    },
    {
      "mode": "managed",
      "type": "aws_lb",
      "name": "load_balancer",
      "provider": "provider[\"registry.terraform.io/hashicorp/aws\"]",
      "instances": [
        {
          "schema_version": 0,
          "attributes": {
            "access_logs": [
              {
                "bucket": "",
                "enabled": false,
                "prefix": ""
              }
            ],
            "arn": "arn:aws:elasticloadbalancing:us-east-1:686811303427:loadbalancer/app/boards-lb/4520088957417d2f",
            "arn_suffix": "app/boards-lb/4520088957417d2f",
            "customer_owned_ipv4_pool": "",
            "desync_mitigation_mode": "defensive",
            "dns_name": "boards-lb-1299477928.us-east-1.elb.amazonaws.com",
            "drop_invalid_header_fields": false,
            "enable_cross_zone_load_balancing": true,
            "enable_deletion_protection": false,
            "enable_http2": true,
            "enable_tls_version_and_cipher_suite_headers": false,
            "enable_waf_fail_open": false,
            "enable_xff_client_port": false,
            "id": "arn:aws:elasticloadbalancing:us-east-1:686811303427:loadbalancer/app/boards-lb/4520088957417d2f",
            "idle_timeout": 60,
            "internal": false,
            "ip_address_type": "ipv4",
            "load_balancer_type": "application",
            "name": "boards-lb",
            "name_prefix": null,
            "preserve_host_header": false,
            "security_groups": [
              "sg-0c194c180a68740f6"
            ],
            "subnet_mapping": [
              {
                "allocation_id": "",
                "ipv6_address": "",
                "outpost_id": "",
                "private_ipv4_address": "",
                "subnet_id": "subnet-000ed6081d1f97792"
              },
              {
                "allocation_id": "",
                "ipv6_address": "",
                "outpost_id": "",
                "private_ipv4_address": "",
                "subnet_id": "subnet-028408c3473917aaf"
              },
              {
                "allocation_id": "",
                "ipv6_address": "",
                "outpost_id": "",
                "private_ipv4_address": "",
                "subnet_id": "subnet-0d53582132740d6d4"
              }
            ],
            "subnets": [
              "subnet-000ed6081d1f97792",
              "subnet-028408c3473917aaf",
              "subnet-0d53582132740d6d4"
            ],
            "tags": {
              "Name": "boards-lb"
            },
            "tags_all": {
              "Name": "boards-lb"
            },
            "timeouts": null,
            "vpc_id": "vpc-027053a629995cae0",
            "xff_header_processing_mode": "append",
            "zone_id": "Z35SXDOTRQ7X7K"
          },
          "sensitive_attributes": [],
          "private": "eyJlMmJmYjczMC1lY2FhLTExZTYtOGY4OC0zNDM2M2JjN2M0YzAiOnsiY3JlYXRlIjo2MDAwMDAwMDAwMDAsImRlbGV0ZSI6NjAwMDAwMDAwMDAwLCJ1cGRhdGUiOjYwMDAwMDAwMDAwMH19",
          "dependencies": [
            "aws_security_group.load_balancer_sg",
            "aws_subnet.public_subnet",
            "aws_vpc.vpc_tf",
            "data.aws_availability_zones.available"
          ]
        }
      ]
    },
    {
      "mode": "managed",
      "type": "aws_lb_listener",
      "name": "lb_listener",
      "provider": "provider[\"registry.terraform.io/hashicorp/aws\"]",
      "instances": [
        {
          "schema_version": 0,
          "attributes": {
            "alpn_policy": null,
            "arn": "arn:aws:elasticloadbalancing:us-east-1:686811303427:listener/app/boards-lb/4520088957417d2f/c0d15648c39df78a",
            "certificate_arn": null,
            "default_action": [
              {
                "authenticate_cognito": [],
                "authenticate_oidc": [],
                "fixed_response": [],
                "forward": [],
                "order": 1,
                "redirect": [],
                "target_group_arn": "arn:aws:elasticloadbalancing:us-east-1:686811303427:targetgroup/boards-tg/7f3b485c27b9ac99",
                "type": "forward"
              }
            ],
            "id": "arn:aws:elasticloadbalancing:us-east-1:686811303427:listener/app/boards-lb/4520088957417d2f/c0d15648c39df78a",
            "load_balancer_arn": "arn:aws:elasticloadbalancing:us-east-1:686811303427:loadbalancer/app/boards-lb/4520088957417d2f",
            "port": 80,
            "protocol": "HTTP",
            "ssl_policy": "",
            "tags": null,
            "tags_all": {},
            "timeouts": null
          },
          "sensitive_attributes": [],
          "private": "eyJlMmJmYjczMC1lY2FhLTExZTYtOGY4OC0zNDM2M2JjN2M0YzAiOnsicmVhZCI6NjAwMDAwMDAwMDAwfX0=",
          "dependencies": [
            "aws_lb.load_balancer",
            "aws_lb_target_group.target_group",
            "aws_security_group.load_balancer_sg",
            "aws_subnet.public_subnet",
            "aws_vpc.vpc_tf",
            "data.aws_availability_zones.available"
          ]
        }
      ]
    },
    {
      "mode": "managed",
      "type": "aws_lb_target_group",
      "name": "target_group",
      "provider": "provider[\"registry.terraform.io/hashicorp/aws\"]",
      "instances": [
        {
          "schema_version": 0,
          "attributes": {
            "arn": "arn:aws:elasticloadbalancing:us-east-1:686811303427:targetgroup/boards-tg/7f3b485c27b9ac99",
            "arn_suffix": "targetgroup/boards-tg/7f3b485c27b9ac99",
            "connection_termination": false,
            "deregistration_delay": "300",
            "health_check": [
              {
                "enabled": true,
                "healthy_threshold": 3,
                "interval": 30,
                "matcher": "200",
                "path": "/health",
                "port": "traffic-port",
                "protocol": "HTTP",
                "timeout": 10,
                "unhealthy_threshold": 3
              }
            ],
            "id": "arn:aws:elasticloadbalancing:us-east-1:686811303427:targetgroup/boards-tg/7f3b485c27b9ac99",
            "ip_address_type": "ipv4",
            "lambda_multi_value_headers_enabled": false,
            "load_balancing_algorithm_type": "round_robin",
            "load_balancing_cross_zone_enabled": "use_load_balancer_configuration",
            "name": "boards-tg",
            "name_prefix": null,
            "port": 7777,
            "preserve_client_ip": null,
            "protocol": "HTTP",
            "protocol_version": "HTTP1",
            "proxy_protocol_v2": false,
            "slow_start": 0,
            "stickiness": [
              {
                "cookie_duration": 86400,
                "cookie_name": "",
                "enabled": false,
                "type": "lb_cookie"
              }
            ],
            "tags": {
              "Name": "boards-tg"
            },
            "tags_all": {
              "Name": "boards-tg"
            },
            "target_failover": [
              {
                "on_deregistration": null,
                "on_unhealthy": null
              }
            ],
            "target_type": "instance",
            "vpc_id": "vpc-027053a629995cae0"
          },
          "sensitive_attributes": [],
          "private": "bnVsbA==",
          "dependencies": [
            "aws_vpc.vpc_tf"
          ]
        }
      ]
    },
    {
      "mode": "managed",
      "type": "aws_route_table",
      "name": "private_route_table",
      "provider": "provider[\"registry.terraform.io/hashicorp/aws\"]",
      "instances": [
        {
          "index_key": 0,
          "schema_version": 0,
          "attributes": {
            "arn": "arn:aws:ec2:us-east-1:686811303427:route-table/rtb-04f6b3fd989bef454",
            "id": "rtb-04f6b3fd989bef454",
            "owner_id": "686811303427",
            "propagating_vgws": [],
            "route": [
              {
                "carrier_gateway_id": "",
                "cidr_block": "0.0.0.0/0",
                "core_network_arn": "",
                "destination_prefix_list_id": "",
                "egress_only_gateway_id": "",
                "gateway_id": "igw-0c097fd9d66f085c7",
                "instance_id": "",
                "ipv6_cidr_block": "",
                "local_gateway_id": "",
                "nat_gateway_id": "",
                "network_interface_id": "",
                "transit_gateway_id": "",
                "vpc_endpoint_id": "",
                "vpc_peering_connection_id": ""
              }
            ],
            "tags": {
              "Name": "dev-private-route-table"
            },
            "tags_all": {
              "Name": "dev-private-route-table"
            },
            "timeouts": null,
            "vpc_id": "vpc-027053a629995cae0"
          },
          "sensitive_attributes": [],
          "private": "eyJlMmJmYjczMC1lY2FhLTExZTYtOGY4OC0zNDM2M2JjN2M0YzAiOnsiY3JlYXRlIjozMDAwMDAwMDAwMDAsImRlbGV0ZSI6MzAwMDAwMDAwMDAwLCJ1cGRhdGUiOjEyMDAwMDAwMDAwMH19",
          "dependencies": [
            "aws_internet_gateway.igw",
            "aws_vpc.vpc_tf"
          ]
        },
        {
          "index_key": 1,
          "schema_version": 0,
          "attributes": {
            "arn": "arn:aws:ec2:us-east-1:686811303427:route-table/rtb-05630ccdf0f173616",
            "id": "rtb-05630ccdf0f173616",
            "owner_id": "686811303427",
            "propagating_vgws": [],
            "route": [
              {
                "carrier_gateway_id": "",
                "cidr_block": "0.0.0.0/0",
                "core_network_arn": "",
                "destination_prefix_list_id": "",
                "egress_only_gateway_id": "",
                "gateway_id": "igw-0c097fd9d66f085c7",
                "instance_id": "",
                "ipv6_cidr_block": "",
                "local_gateway_id": "",
                "nat_gateway_id": "",
                "network_interface_id": "",
                "transit_gateway_id": "",
                "vpc_endpoint_id": "",
                "vpc_peering_connection_id": ""
              }
            ],
            "tags": {
              "Name": "dev-private-route-table"
            },
            "tags_all": {
              "Name": "dev-private-route-table"
            },
            "timeouts": null,
            "vpc_id": "vpc-027053a629995cae0"
          },
          "sensitive_attributes": [],
          "private": "eyJlMmJmYjczMC1lY2FhLTExZTYtOGY4OC0zNDM2M2JjN2M0YzAiOnsiY3JlYXRlIjozMDAwMDAwMDAwMDAsImRlbGV0ZSI6MzAwMDAwMDAwMDAwLCJ1cGRhdGUiOjEyMDAwMDAwMDAwMH19",
          "dependencies": [
            "aws_internet_gateway.igw",
            "aws_vpc.vpc_tf"
          ]
        },
        {
          "index_key": 2,
          "schema_version": 0,
          "attributes": {
            "arn": "arn:aws:ec2:us-east-1:686811303427:route-table/rtb-013fe1c2ea97b2102",
            "id": "rtb-013fe1c2ea97b2102",
            "owner_id": "686811303427",
            "propagating_vgws": [],
            "route": [
              {
                "carrier_gateway_id": "",
                "cidr_block": "0.0.0.0/0",
                "core_network_arn": "",
                "destination_prefix_list_id": "",
                "egress_only_gateway_id": "",
                "gateway_id": "igw-0c097fd9d66f085c7",
                "instance_id": "",
                "ipv6_cidr_block": "",
                "local_gateway_id": "",
                "nat_gateway_id": "",
                "network_interface_id": "",
                "transit_gateway_id": "",
                "vpc_endpoint_id": "",
                "vpc_peering_connection_id": ""
              }
            ],
            "tags": {
              "Name": "dev-private-route-table"
            },
            "tags_all": {
              "Name": "dev-private-route-table"
            },
            "timeouts": null,
            "vpc_id": "vpc-027053a629995cae0"
          },
          "sensitive_attributes": [],
          "private": "eyJlMmJmYjczMC1lY2FhLTExZTYtOGY4OC0zNDM2M2JjN2M0YzAiOnsiY3JlYXRlIjozMDAwMDAwMDAwMDAsImRlbGV0ZSI6MzAwMDAwMDAwMDAwLCJ1cGRhdGUiOjEyMDAwMDAwMDAwMH19",
          "dependencies": [
            "aws_internet_gateway.igw",
            "aws_vpc.vpc_tf"
          ]
        }
      ]
    },
    {
      "mode": "managed",
      "type": "aws_route_table",
      "name": "public_route_table",
      "provider": "provider[\"registry.terraform.io/hashicorp/aws\"]",
      "instances": [
        {
          "schema_version": 0,
          "attributes": {
            "arn": "arn:aws:ec2:us-east-1:686811303427:route-table/rtb-011ac7b373ab60a79",
            "id": "rtb-011ac7b373ab60a79",
            "owner_id": "686811303427",
            "propagating_vgws": [],
            "route": [
              {
                "carrier_gateway_id": "",
                "cidr_block": "0.0.0.0/0",
                "core_network_arn": "",
                "destination_prefix_list_id": "",
                "egress_only_gateway_id": "",
                "gateway_id": "igw-0c097fd9d66f085c7",
                "instance_id": "",
                "ipv6_cidr_block": "",
                "local_gateway_id": "",
                "nat_gateway_id": "",
                "network_interface_id": "",
                "transit_gateway_id": "",
                "vpc_endpoint_id": "",
                "vpc_peering_connection_id": ""
              }
            ],
            "tags": {
              "Name": "dev-public-route-table"
            },
            "tags_all": {
              "Name": "dev-public-route-table"
            },
            "timeouts": null,
            "vpc_id": "vpc-027053a629995cae0"
          },
          "sensitive_attributes": [],
          "private": "eyJlMmJmYjczMC1lY2FhLTExZTYtOGY4OC0zNDM2M2JjN2M0YzAiOnsiY3JlYXRlIjozMDAwMDAwMDAwMDAsImRlbGV0ZSI6MzAwMDAwMDAwMDAwLCJ1cGRhdGUiOjEyMDAwMDAwMDAwMH19",
          "dependencies": [
            "aws_internet_gateway.igw",
            "aws_vpc.vpc_tf"
          ]
        }
      ]
    },
    {
      "mode": "managed",
      "type": "aws_route_table_association",
      "name": "private_route_table_association",
      "provider": "provider[\"registry.terraform.io/hashicorp/aws\"]",
      "instances": [
        {
          "index_key": 0,
          "schema_version": 0,
          "attributes": {
            "gateway_id": "",
            "id": "rtbassoc-0643cccd8f28705f9",
            "route_table_id": "rtb-04f6b3fd989bef454",
            "subnet_id": "subnet-0afc99f2317131c75",
            "timeouts": null
          },
          "sensitive_attributes": [],
          "private": "eyJlMmJmYjczMC1lY2FhLTExZTYtOGY4OC0zNDM2M2JjN2M0YzAiOnsiY3JlYXRlIjozMDAwMDAwMDAwMDAsImRlbGV0ZSI6MzAwMDAwMDAwMDAwLCJ1cGRhdGUiOjEyMDAwMDAwMDAwMH19",
          "dependencies": [
            "aws_internet_gateway.igw",
            "aws_route_table.private_route_table",
            "aws_subnet.private_subnet",
            "aws_vpc.vpc_tf",
            "data.aws_availability_zones.available"
          ]
        },
        {
          "index_key": 1,
          "schema_version": 0,
          "attributes": {
            "gateway_id": "",
            "id": "rtbassoc-06e527fb28250e07f",
            "route_table_id": "rtb-05630ccdf0f173616",
            "subnet_id": "subnet-01ad32652e3a4d44f",
            "timeouts": null
          },
          "sensitive_attributes": [],
          "private": "eyJlMmJmYjczMC1lY2FhLTExZTYtOGY4OC0zNDM2M2JjN2M0YzAiOnsiY3JlYXRlIjozMDAwMDAwMDAwMDAsImRlbGV0ZSI6MzAwMDAwMDAwMDAwLCJ1cGRhdGUiOjEyMDAwMDAwMDAwMH19",
          "dependencies": [
            "aws_internet_gateway.igw",
            "aws_route_table.private_route_table",
            "aws_subnet.private_subnet",
            "aws_vpc.vpc_tf",
            "data.aws_availability_zones.available"
          ]
        },
        {
          "index_key": 2,
          "schema_version": 0,
          "attributes": {
            "gateway_id": "",
            "id": "rtbassoc-046c3ef93ccbbef8d",
            "route_table_id": "rtb-013fe1c2ea97b2102",
            "subnet_id": "subnet-061f3ca4e8a12b460",
            "timeouts": null
          },
          "sensitive_attributes": [],
          "private": "eyJlMmJmYjczMC1lY2FhLTExZTYtOGY4OC0zNDM2M2JjN2M0YzAiOnsiY3JlYXRlIjozMDAwMDAwMDAwMDAsImRlbGV0ZSI6MzAwMDAwMDAwMDAwLCJ1cGRhdGUiOjEyMDAwMDAwMDAwMH19",
          "dependencies": [
            "aws_internet_gateway.igw",
            "aws_route_table.private_route_table",
            "aws_subnet.private_subnet",
            "aws_vpc.vpc_tf",
            "data.aws_availability_zones.available"
          ]
        }
      ]
    },
    {
      "mode": "managed",
      "type": "aws_route_table_association",
      "name": "public_route_table_association",
      "provider": "provider[\"registry.terraform.io/hashicorp/aws\"]",
      "instances": [
        {
          "index_key": 0,
          "schema_version": 0,
          "attributes": {
            "gateway_id": "",
            "id": "rtbassoc-00969505f71fad2cd",
            "route_table_id": "rtb-011ac7b373ab60a79",
            "subnet_id": "subnet-000ed6081d1f97792",
            "timeouts": null
          },
          "sensitive_attributes": [],
          "private": "eyJlMmJmYjczMC1lY2FhLTExZTYtOGY4OC0zNDM2M2JjN2M0YzAiOnsiY3JlYXRlIjozMDAwMDAwMDAwMDAsImRlbGV0ZSI6MzAwMDAwMDAwMDAwLCJ1cGRhdGUiOjEyMDAwMDAwMDAwMH19",
          "dependencies": [
            "aws_internet_gateway.igw",
            "aws_route_table.public_route_table",
            "aws_subnet.public_subnet",
            "aws_vpc.vpc_tf",
            "data.aws_availability_zones.available"
          ]
        },
        {
          "index_key": 1,
          "schema_version": 0,
          "attributes": {
            "gateway_id": "",
            "id": "rtbassoc-0dc4db19bea146a5b",
            "route_table_id": "rtb-011ac7b373ab60a79",
            "subnet_id": "subnet-0d53582132740d6d4",
            "timeouts": null
          },
          "sensitive_attributes": [],
          "private": "eyJlMmJmYjczMC1lY2FhLTExZTYtOGY4OC0zNDM2M2JjN2M0YzAiOnsiY3JlYXRlIjozMDAwMDAwMDAwMDAsImRlbGV0ZSI6MzAwMDAwMDAwMDAwLCJ1cGRhdGUiOjEyMDAwMDAwMDAwMH19",
          "dependencies": [
            "aws_internet_gateway.igw",
            "aws_route_table.public_route_table",
            "aws_subnet.public_subnet",
            "aws_vpc.vpc_tf",
            "data.aws_availability_zones.available"
          ]
        },
        {
          "index_key": 2,
          "schema_version": 0,
          "attributes": {
            "gateway_id": "",
            "id": "rtbassoc-09d633eedf1afedef",
            "route_table_id": "rtb-011ac7b373ab60a79",
            "subnet_id": "subnet-028408c3473917aaf",
            "timeouts": null
          },
          "sensitive_attributes": [],
          "private": "eyJlMmJmYjczMC1lY2FhLTExZTYtOGY4OC0zNDM2M2JjN2M0YzAiOnsiY3JlYXRlIjozMDAwMDAwMDAwMDAsImRlbGV0ZSI6MzAwMDAwMDAwMDAwLCJ1cGRhdGUiOjEyMDAwMDAwMDAwMH19",
          "dependencies": [
            "aws_internet_gateway.igw",
            "aws_route_table.public_route_table",
            "aws_subnet.public_subnet",
            "aws_vpc.vpc_tf",
            "data.aws_availability_zones.available"
          ]
        }
      ]
    },
    {
      "mode": "managed",
      "type": "aws_security_group",
      "name": "instance_sg",
      "provider": "provider[\"registry.terraform.io/hashicorp/aws\"]",
      "instances": [
        {
          "schema_version": 1,
          "attributes": {
            "arn": "arn:aws:ec2:us-east-1:686811303427:security-group/sg-07d373efcba983108",
            "description": "Managed by Terraform",
            "egress": [
              {
                "cidr_blocks": [
                  "0.0.0.0/0"
                ],
                "description": "",
                "from_port": 0,
                "ipv6_cidr_blocks": [],
                "prefix_list_ids": [],
                "protocol": "-1",
                "security_groups": [],
                "self": false,
                "to_port": 0
              }
            ],
            "id": "sg-07d373efcba983108",
            "ingress": [
              {
                "cidr_blocks": [
                  "0.0.0.0/0"
                ],
                "description": "",
                "from_port": 22,
                "ipv6_cidr_blocks": [],
                "prefix_list_ids": [],
                "protocol": "tcp",
                "security_groups": [
                  "sg-0c194c180a68740f6"
                ],
                "self": false,
                "to_port": 22
              },
              {
                "cidr_blocks": [
                  "0.0.0.0/0"
                ],
                "description": "",
                "from_port": 7777,
                "ipv6_cidr_blocks": [],
                "prefix_list_ids": [],
                "protocol": "tcp",
                "security_groups": [
                  "sg-0c194c180a68740f6"
                ],
                "self": false,
                "to_port": 7777
              },
              {
                "cidr_blocks": [
                  "0.0.0.0/0"
                ],
                "description": "",
                "from_port": 80,
                "ipv6_cidr_blocks": [],
                "prefix_list_ids": [],
                "protocol": "tcp",
                "security_groups": [
                  "sg-0c194c180a68740f6"
                ],
                "self": false,
                "to_port": 80
              }
            ],
            "name": "terraform-20240927044431654300000001",
            "name_prefix": "terraform-",
            "owner_id": "686811303427",
            "revoke_rules_on_delete": false,
            "tags": {
              "Name": "dev-instance-sg"
            },
            "tags_all": {
              "Name": "dev-instance-sg"
            },
            "timeouts": null,
            "vpc_id": "vpc-027053a629995cae0"
          },
          "sensitive_attributes": [],
          "private": "eyJlMmJmYjczMC1lY2FhLTExZTYtOGY4OC0zNDM2M2JjN2M0YzAiOnsiY3JlYXRlIjo2MDAwMDAwMDAwMDAsImRlbGV0ZSI6OTAwMDAwMDAwMDAwfSwic2NoZW1hX3ZlcnNpb24iOiIxIn0=",
          "dependencies": [
            "aws_security_group.load_balancer_sg",
            "aws_vpc.vpc_tf"
          ]
        }
      ]
    },
    {
      "mode": "managed",
      "type": "aws_security_group",
      "name": "load_balancer_sg",
      "provider": "provider[\"registry.terraform.io/hashicorp/aws\"]",
      "instances": [
        {
          "schema_version": 1,
          "attributes": {
            "arn": "arn:aws:ec2:us-east-1:686811303427:security-group/sg-0c194c180a68740f6",
            "description": "Allow TCP inbound traffic",
            "egress": [
              {
                "cidr_blocks": [
                  "0.0.0.0/0"
                ],
                "description": "",
                "from_port": 0,
                "ipv6_cidr_blocks": [],
                "prefix_list_ids": [],
                "protocol": "-1",
                "security_groups": [],
                "self": false,
                "to_port": 0
              }
            ],
            "id": "sg-0c194c180a68740f6",
            "ingress": [
              {
                "cidr_blocks": [
                  "0.0.0.0/0"
                ],
                "description": "",
                "from_port": 443,
                "ipv6_cidr_blocks": [],
                "prefix_list_ids": [],
                "protocol": "tcp",
                "security_groups": [],
                "self": false,
                "to_port": 443
              },
              {
                "cidr_blocks": [
                  "0.0.0.0/0"
                ],
                "description": "",
                "from_port": 80,
                "ipv6_cidr_blocks": [],
                "prefix_list_ids": [],
                "protocol": "tcp",
                "security_groups": [],
                "self": false,
                "to_port": 80
              }
            ],
            "name": "load balancer",
            "name_prefix": "",
            "owner_id": "686811303427",
            "revoke_rules_on_delete": false,
            "tags": {
              "Name": "load balancer group"
            },
            "tags_all": {
              "Name": "load balancer group"
            },
            "timeouts": null,
            "vpc_id": "vpc-027053a629995cae0"
          },
          "sensitive_attributes": [],
          "private": "eyJlMmJmYjczMC1lY2FhLTExZTYtOGY4OC0zNDM2M2JjN2M0YzAiOnsiY3JlYXRlIjo2MDAwMDAwMDAwMDAsImRlbGV0ZSI6OTAwMDAwMDAwMDAwfSwic2NoZW1hX3ZlcnNpb24iOiIxIn0=",
          "dependencies": [
            "aws_vpc.vpc_tf"
          ]
        }
      ]
    },
    {
      "mode": "managed",
      "type": "aws_subnet",
      "name": "private_subnet",
      "provider": "provider[\"registry.terraform.io/hashicorp/aws\"]",
      "instances": [
        {
          "index_key": 0,
          "schema_version": 1,
          "attributes": {
            "arn": "arn:aws:ec2:us-east-1:686811303427:subnet/subnet-0afc99f2317131c75",
            "assign_ipv6_address_on_creation": false,
            "availability_zone": "us-east-1a",
            "availability_zone_id": "use1-az4",
            "cidr_block": "10.0.3.0/24",
            "customer_owned_ipv4_pool": "",
            "enable_dns64": false,
            "enable_lni_at_device_index": 0,
            "enable_resource_name_dns_a_record_on_launch": false,
            "enable_resource_name_dns_aaaa_record_on_launch": false,
            "id": "subnet-0afc99f2317131c75",
            "ipv6_cidr_block": "",
            "ipv6_cidr_block_association_id": "",
            "ipv6_native": false,
            "map_customer_owned_ip_on_launch": false,
            "map_public_ip_on_launch": false,
            "outpost_arn": "",
            "owner_id": "686811303427",
            "private_dns_hostname_type_on_launch": "ip-name",
            "tags": {
              "Name": "dev-private-subnet-0"
            },
            "tags_all": {
              "Name": "dev-private-subnet-0"
            },
            "timeouts": null,
            "vpc_id": "vpc-027053a629995cae0"
          },
          "sensitive_attributes": [],
          "private": "eyJlMmJmYjczMC1lY2FhLTExZTYtOGY4OC0zNDM2M2JjN2M0YzAiOnsiY3JlYXRlIjo2MDAwMDAwMDAwMDAsImRlbGV0ZSI6MTIwMDAwMDAwMDAwMH0sInNjaGVtYV92ZXJzaW9uIjoiMSJ9",
          "dependencies": [
            "aws_vpc.vpc_tf",
            "data.aws_availability_zones.available"
          ]
        },
        {
          "index_key": 1,
          "schema_version": 1,
          "attributes": {
            "arn": "arn:aws:ec2:us-east-1:686811303427:subnet/subnet-01ad32652e3a4d44f",
            "assign_ipv6_address_on_creation": false,
            "availability_zone": "us-east-1b",
            "availability_zone_id": "use1-az6",
            "cidr_block": "10.0.4.0/24",
            "customer_owned_ipv4_pool": "",
            "enable_dns64": false,
            "enable_lni_at_device_index": 0,
            "enable_resource_name_dns_a_record_on_launch": false,
            "enable_resource_name_dns_aaaa_record_on_launch": false,
            "id": "subnet-01ad32652e3a4d44f",
            "ipv6_cidr_block": "",
            "ipv6_cidr_block_association_id": "",
            "ipv6_native": false,
            "map_customer_owned_ip_on_launch": false,
            "map_public_ip_on_launch": false,
            "outpost_arn": "",
            "owner_id": "686811303427",
            "private_dns_hostname_type_on_launch": "ip-name",
            "tags": {
              "Name": "dev-private-subnet-1"
            },
            "tags_all": {
              "Name": "dev-private-subnet-1"
            },
            "timeouts": null,
            "vpc_id": "vpc-027053a629995cae0"
          },
          "sensitive_attributes": [],
          "private": "eyJlMmJmYjczMC1lY2FhLTExZTYtOGY4OC0zNDM2M2JjN2M0YzAiOnsiY3JlYXRlIjo2MDAwMDAwMDAwMDAsImRlbGV0ZSI6MTIwMDAwMDAwMDAwMH0sInNjaGVtYV92ZXJzaW9uIjoiMSJ9",
          "dependencies": [
            "aws_vpc.vpc_tf",
            "data.aws_availability_zones.available"
          ]
        },
        {
          "index_key": 2,
          "schema_version": 1,
          "attributes": {
            "arn": "arn:aws:ec2:us-east-1:686811303427:subnet/subnet-061f3ca4e8a12b460",
            "assign_ipv6_address_on_creation": false,
            "availability_zone": "us-east-1c",
            "availability_zone_id": "use1-az1",
            "cidr_block": "10.0.5.0/24",
            "customer_owned_ipv4_pool": "",
            "enable_dns64": false,
            "enable_lni_at_device_index": 0,
            "enable_resource_name_dns_a_record_on_launch": false,
            "enable_resource_name_dns_aaaa_record_on_launch": false,
            "id": "subnet-061f3ca4e8a12b460",
            "ipv6_cidr_block": "",
            "ipv6_cidr_block_association_id": "",
            "ipv6_native": false,
            "map_customer_owned_ip_on_launch": false,
            "map_public_ip_on_launch": false,
            "outpost_arn": "",
            "owner_id": "686811303427",
            "private_dns_hostname_type_on_launch": "ip-name",
            "tags": {
              "Name": "dev-private-subnet-2"
            },
            "tags_all": {
              "Name": "dev-private-subnet-2"
            },
            "timeouts": null,
            "vpc_id": "vpc-027053a629995cae0"
          },
          "sensitive_attributes": [],
          "private": "eyJlMmJmYjczMC1lY2FhLTExZTYtOGY4OC0zNDM2M2JjN2M0YzAiOnsiY3JlYXRlIjo2MDAwMDAwMDAwMDAsImRlbGV0ZSI6MTIwMDAwMDAwMDAwMH0sInNjaGVtYV92ZXJzaW9uIjoiMSJ9",
          "dependencies": [
            "aws_vpc.vpc_tf",
            "data.aws_availability_zones.available"
          ]
        }
      ]
    },
    {
      "mode": "managed",
      "type": "aws_subnet",
      "name": "public_subnet",
      "provider": "provider[\"registry.terraform.io/hashicorp/aws\"]",
      "instances": [
        {
          "index_key": 0,
          "schema_version": 1,
          "attributes": {
            "arn": "arn:aws:ec2:us-east-1:686811303427:subnet/subnet-000ed6081d1f97792",
            "assign_ipv6_address_on_creation": false,
            "availability_zone": "us-east-1a",
            "availability_zone_id": "use1-az4",
            "cidr_block": "10.0.0.0/24",
            "customer_owned_ipv4_pool": "",
            "enable_dns64": false,
            "enable_lni_at_device_index": 0,
            "enable_resource_name_dns_a_record_on_launch": false,
            "enable_resource_name_dns_aaaa_record_on_launch": false,
            "id": "subnet-000ed6081d1f97792",
            "ipv6_cidr_block": "",
            "ipv6_cidr_block_association_id": "",
            "ipv6_native": false,
            "map_customer_owned_ip_on_launch": false,
            "map_public_ip_on_launch": true,
            "outpost_arn": "",
            "owner_id": "686811303427",
            "private_dns_hostname_type_on_launch": "ip-name",
            "tags": {
              "Name": "dev-public-subnet-0"
            },
            "tags_all": {
              "Name": "dev-public-subnet-0"
            },
            "timeouts": null,
            "vpc_id": "vpc-027053a629995cae0"
          },
          "sensitive_attributes": [],
          "private": "eyJlMmJmYjczMC1lY2FhLTExZTYtOGY4OC0zNDM2M2JjN2M0YzAiOnsiY3JlYXRlIjo2MDAwMDAwMDAwMDAsImRlbGV0ZSI6MTIwMDAwMDAwMDAwMH0sInNjaGVtYV92ZXJzaW9uIjoiMSJ9",
          "dependencies": [
            "aws_vpc.vpc_tf",
            "data.aws_availability_zones.available"
          ]
        },
        {
          "index_key": 1,
          "schema_version": 1,
          "attributes": {
            "arn": "arn:aws:ec2:us-east-1:686811303427:subnet/subnet-0d53582132740d6d4",
            "assign_ipv6_address_on_creation": false,
            "availability_zone": "us-east-1b",
            "availability_zone_id": "use1-az6",
            "cidr_block": "10.0.1.0/24",
            "customer_owned_ipv4_pool": "",
            "enable_dns64": false,
            "enable_lni_at_device_index": 0,
            "enable_resource_name_dns_a_record_on_launch": false,
            "enable_resource_name_dns_aaaa_record_on_launch": false,
            "id": "subnet-0d53582132740d6d4",
            "ipv6_cidr_block": "",
            "ipv6_cidr_block_association_id": "",
            "ipv6_native": false,
            "map_customer_owned_ip_on_launch": false,
            "map_public_ip_on_launch": true,
            "outpost_arn": "",
            "owner_id": "686811303427",
            "private_dns_hostname_type_on_launch": "ip-name",
            "tags": {
              "Name": "dev-public-subnet-1"
            },
            "tags_all": {
              "Name": "dev-public-subnet-1"
            },
            "timeouts": null,
            "vpc_id": "vpc-027053a629995cae0"
          },
          "sensitive_attributes": [],
          "private": "eyJlMmJmYjczMC1lY2FhLTExZTYtOGY4OC0zNDM2M2JjN2M0YzAiOnsiY3JlYXRlIjo2MDAwMDAwMDAwMDAsImRlbGV0ZSI6MTIwMDAwMDAwMDAwMH0sInNjaGVtYV92ZXJzaW9uIjoiMSJ9",
          "dependencies": [
            "aws_vpc.vpc_tf",
            "data.aws_availability_zones.available"
          ]
        },
        {
          "index_key": 2,
          "schema_version": 1,
          "attributes": {
            "arn": "arn:aws:ec2:us-east-1:686811303427:subnet/subnet-028408c3473917aaf",
            "assign_ipv6_address_on_creation": false,
            "availability_zone": "us-east-1c",
            "availability_zone_id": "use1-az1",
            "cidr_block": "10.0.2.0/24",
            "customer_owned_ipv4_pool": "",
            "enable_dns64": false,
            "enable_lni_at_device_index": 0,
            "enable_resource_name_dns_a_record_on_launch": false,
            "enable_resource_name_dns_aaaa_record_on_launch": false,
            "id": "subnet-028408c3473917aaf",
            "ipv6_cidr_block": "",
            "ipv6_cidr_block_association_id": "",
            "ipv6_native": false,
            "map_customer_owned_ip_on_launch": false,
            "map_public_ip_on_launch": true,
            "outpost_arn": "",
            "owner_id": "686811303427",
            "private_dns_hostname_type_on_launch": "ip-name",
            "tags": {
              "Name": "dev-public-subnet-2"
            },
            "tags_all": {
              "Name": "dev-public-subnet-2"
            },
            "timeouts": null,
            "vpc_id": "vpc-027053a629995cae0"
          },
          "sensitive_attributes": [],
          "private": "eyJlMmJmYjczMC1lY2FhLTExZTYtOGY4OC0zNDM2M2JjN2M0YzAiOnsiY3JlYXRlIjo2MDAwMDAwMDAwMDAsImRlbGV0ZSI6MTIwMDAwMDAwMDAwMH0sInNjaGVtYV92ZXJzaW9uIjoiMSJ9",
          "dependencies": [
            "aws_vpc.vpc_tf",
            "data.aws_availability_zones.available"
          ]
        }
      ]
    },
    {
      "mode": "managed",
      "type": "aws_vpc",
      "name": "vpc_tf",
      "provider": "provider[\"registry.terraform.io/hashicorp/aws\"]",
      "instances": [
        {
          "schema_version": 1,
          "attributes": {
            "arn": "arn:aws:ec2:us-east-1:686811303427:vpc/vpc-027053a629995cae0",
            "assign_generated_ipv6_cidr_block": false,
            "cidr_block": "10.0.0.0/16",
            "default_network_acl_id": "acl-0f66e09973cd69b52",
            "default_route_table_id": "rtb-0046265b676d4cd73",
            "default_security_group_id": "sg-0e432f4a39d60c940",
            "dhcp_options_id": "dopt-078889b8dc2e80eba",
            "enable_classiclink": false,
            "enable_classiclink_dns_support": false,
            "enable_dns_hostnames": true,
            "enable_dns_support": true,
            "enable_network_address_usage_metrics": false,
            "id": "vpc-027053a629995cae0",
            "instance_tenancy": "default",
            "ipv4_ipam_pool_id": null,
            "ipv4_netmask_length": null,
            "ipv6_association_id": "",
            "ipv6_cidr_block": "",
            "ipv6_cidr_block_network_border_group": "",
            "ipv6_ipam_pool_id": "",
            "ipv6_netmask_length": 0,
            "main_route_table_id": "rtb-0046265b676d4cd73",
            "owner_id": "686811303427",
            "tags": {
              "Name": "dev-vpc"
            },
            "tags_all": {
              "Name": "dev-vpc"
            }
          },
          "sensitive_attributes": [],
          "private": "eyJzY2hlbWFfdmVyc2lvbiI6IjEifQ=="
        }
      ]
    }
  ],
  "check_results": null
}
